
Microsoft Visual Studio Solution File, Format Version 12.00
# Visual Studio Version 16
VisualStudioVersion = 16.0.28803.202
MinimumVisualStudioVersion = 10.0.40219.1
Project("{FAE04EC0-301F-11D3-BF4B-00C04F79EFBC}") = "FFTAnalysis", "FFTAnalysis\FFTAnalysis.csproj", "{C9148729-24FD-4FCB-A721-FE37FFED65E3}"
EndProject
Global
	GlobalSection(SolutionConfigurationPlatforms) = preSolution
		Debug|Any CPU = Debug|Any CPU
		Release|Any CPU = Release|Any CPU
	EndGlobalSection
	GlobalSection(ProjectConfigurationPlatforms) = postSolution
		{C9148729-24FD-4FCB-A721-FE37FFED65E3}.Debug|Any CPU.ActiveCfg = Debug|Any CPU
		{C9148729-24FD-4FCB-A721-FE37FFED65E3}.Debug|Any CPU.Build.0 = Debug|Any CPU
		{C9148729-24FD-4FCB-A721-FE37FFED65E3}.Release|Any CPU.ActiveCfg = Release|Any CPU
		{C9148729-24FD-4FCB-A721-FE37FFED65E3}.Release|Any CPU.Build.0 = Release|Any CPU
	EndGlobalSection
	GlobalSection(SolutionProperties) = preSolution
		HideSolutionNode = FALSE
	EndGlobalSection
	GlobalSection(ExtensibilityGlobals) = postSolution
		SolutionGuid = {2F6BB0F7-EA35-4066-B544-9B355ED76905}
	EndGlobalSection
EndGlobal
